lockfileVersion: '9.0'

settings:
  autoInstallPeers: true
  excludeLinksFromLockfile: false

importers:

  .:
    devDependencies:
      '@electric-sql/pglite':
        specifier: 0.5.4
        version: 0.5.4

packages:

  '@electric-sql/pglite@0.5.4':
    resolution: {integrity: sha512-yYZUyyXrHU7tPlCjwZQJ6hIG9DscdCCn7Uk0mYKwC1FeHX286AbcmFveMiRBEak8e9iPupjsoVImN3yJZVed2g==}

snapshots:

  '@electric-sql/pglite@0.5.4': {}
